// !$*UTF8*$!
{
	archiveVersion = 1;
	classes = {
	};
	objectVersion = 77;
	objects = {

/* Begin PBXContainerItemProxy section */
		9C13F71F2D9D705C00A0E355 /* PBXContainerItemProxy */ = {
			isa = PBXContainerItemProxy;
			containerPortal = 9C13F7072D9D705B00A0E355 /* Project object */;
			proxyType = 1;
			remoteGlobalIDString = 9C13F70E2D9D705B00A0E355;
			remoteInfo = ShelfSnapshot;
		};
		9C13F7292D9D705C00A0E355 /* PBXContainerItemProxy */ = {
			isa = PBXContainerItemProxy;
			containerPortal = 9C13F7072D9D705B00A0E355 /* Project object */;
			proxyType = 1;
			remoteGlobalIDString = 9C13F70E2D9D705B00A0E355;
			remoteInfo = ShelfSnapshot;
		};
/* End PBXContainerItemProxy section */

/* Begin PBXFileReference section */
		9C13F70F2D9D705B00A0E355 /* ShelfSnapshot.app */ = {isa = PBXFileReference; explicitFileType = wrapper.application; includeInIndex = 0; path = ShelfSnapshot.app; sourceTree = BUILT_PRODUCTS_DIR; };
		9C13F71E2D9D705C00A0E355 /* ShelfSnapshotTests.xctest */ = {isa = PBXFileReference; explicitFileType = wrapper.cfbundle; includeInIndex = 0; path = ShelfSnapshotTests.xctest; sourceTree = BUILT_PRODUCTS_DIR; };
		9C13F7282D9D705C00A0E355 /* ShelfSnapshotUITests.xctest */ = {isa = PBXFileReference; explicitFileType = wrapper.cfbundle; includeInIndex = 0; path = ShelfSnapshotUITests.xctest; sourceTree = BUILT_PRODUCTS_DIR; };
/* End PBXFileReference section */

/* Begin PBXFileSystemSynchronizedRootGroup section */
		9C13F7112D9D705B00A0E355 /* ShelfSnapshot */ = {
			isa = PBXFileSystemSynchronizedRootGroup;
			path = ShelfSnapshot;
			sourceTree = "<group>";
		};
		9C13F7212D9D705C00A0E355 /* ShelfSnapshotTests */ = {
			isa = PBXFileSystemSynchronizedRootGroup;
			path = ShelfSnapshotTests;
			sourceTree = "<group>";
		};
		9C13F72B2D9D705C00A0E355 /* ShelfSnapshotUITests */ = {
			isa = PBXFileSystemSynchronizedRootGroup;
			path = ShelfSnapshotUITests;
			sourceTree = "<group>";
		};
/* End PBXFileSystemSynchronizedRootGroup section */

/* Begin PBXFrameworksBuildPhase section */
		9C13F70C2D9D705B00A0E355 /* Frameworks */ = {
			isa = PBXFrameworksBuildPhase;
			buildActionMask = 2147483647;
			files = (
			);
			runOnlyForDeploymentPostprocessing = 0;
		};
		9C13F71B2D9D705C00A0E355 /* Frameworks */ = {
			isa = PBXFrameworksBuildPhase;
			buildActionMask = 2147483647;
			files = (
			);
			runOnlyForDeploymentPostprocessing = 0;
		};
		9C13F7252D9D705C00A0E355 /* Frameworks */ = {
			isa = PBXFrameworksBuildPhase;
			buildActionMask = 2147483647;
			files = (
			);
			runOnlyForDeploymentPostprocessing = 0;
		};
/* End PBXFrameworksBuildPhase section */

/* Begin PBXGroup section */
		9C13F7062D9D705B00A0E355 = {
			isa = PBXGroup;
			children = (
				9C13F7112D9D705B00A0E355 /* ShelfSnapshot */,
				9C13F7212D9D705C00A0E355 /* ShelfSnapshotTests */,
				9C13F72B2D9D705C00A0E355 /* ShelfSnapshotUITests */,
				9C13F7102D9D705B00A0E355 /* Products */,
			);
			sourceTree = "<group>";
		};
		9C13F7102D9D705B00A0E355 /* Products */ = {
			isa = PBXGroup;
			children = (
				9C13F70F2D9D705B00A0E355 /* ShelfSnapshot.app */,
				9C13F71E2D9D705C00A0E355 /* ShelfSnapshotTests.xctest */,
				9C13F7282D9D705C00A0E355 /* ShelfSnapshotUITests.xctest */,
			);
			name = Products;
			sourceTree = "<group>";
		};
/* End PBXGroup section */

/* Begin PBXNativeTarget section */
		9C13F70E2D9D705B00A0E355 /* ShelfSnapshot */ = {
			isa = PBXNativeTarget;
			buildConfigurationList = 9C13F7322D9D705C00A0E355 /* Build configuration list for PBXNativeTarget "ShelfSnapshot" */;
			buildPhases = (
				9C13F70B2D9D705B00A0E355 /* Sources */,
				9C13F70C2D9D705B00A0E355 /* Frameworks */,
				9C13F70D2D9D705B00A0E355 /* Resources */,
			);
			buildRules = (
			);
			dependencies = (
			);
			fileSystemSynchronizedGroups = (
				9C13F7112D9D705B00A0E355 /* ShelfSnapshot */,
			);
			name = ShelfSnapshot;
			packageProductDependencies = (
			);
			productName = ShelfSnapshot;
			productReference = 9C13F70F2D9D705B00A0E355 /* ShelfSnapshot.app */;
			productType = "com.apple.product-type.application";
		};
		9C13F71D2D9D705C00A0E355 /* ShelfSnapshotTests */ = {
			isa = PBXNativeTarget;
			buildConfigurationList = 9C13F7352D9D705C00A0E355 /* Build configuration list for PBXNativeTarget "ShelfSnapshotTests" */;
			buildPhases = (
				9C13F71A2D9D705C00A0E355 /* Sources */,
				9C13F71B2D9D705C00A0E355 /* Frameworks */,
				9C13F71C2D9D705C00A0E355 /* Resources */,
			);
			buildRules = (
			);
			dependencies = (
				9C13F7202D9D705C00A0E355 /* PBXTargetDependency */,
			);
			fileSystemSynchronizedGroups = (
				9C13F7212D9D705C00A0E355 /* ShelfSnapshotTests */,
			);
			name = ShelfSnapshotTests;
			packageProductDependencies = (
			);
			productName = ShelfSnapshotTests;
			productReference = 9C13F71E2D9D705C00A0E355 /* ShelfSnapshotTests.xctest */;
			productType = "com.apple.product-type.bundle.unit-test";
		};
		9C13F7272D9D705C00A0E355 /* ShelfSnapshotUITests */ = {
			isa = PBXNativeTarget;
			buildConfigurationList = 9C13F7382D9D705C00A0E355 /* Build configuration list for PBXNativeTarget "ShelfSnapshotUITests" */;
			buildPhases = (
				9C13F7242D9D705C00A0E355 /* Sources */,
				9C13F7252D9D705C00A0E355 /* Frameworks */,
				9C13F7262D9D705C00A0E355 /* Resources */,
			);
			buildRules = (
			);
			dependencies = (
				9C13F72A2D9D705C00A0E355 /* PBXTargetDependency */,
			);
			fileSystemSynchronizedGroups = (
				9C13F72B2D9D705C00A0E355 /* ShelfSnapshotUITests */,
			);
			name = ShelfSnapshotUITests;
			packageProductDependencies = (
			);
			productName = ShelfSnapshotUITests;
			productReference = 9C13F7282D9D705C00A0E355 /* ShelfSnapshotUITests.xctest */;
			productType = "com.apple.product-type.bundle.ui-testing";
		};
/* End PBXNativeTarget section */

/* Begin PBXProject section */
		9C13F7072D9D705B00A0E355 /* Project object */ = {
			isa = PBXProject;
			attributes = {
				BuildIndependentTargetsInParallel = 1;
				LastSwiftUpdateCheck = 1630;
				LastUpgradeCheck = 1630;
				TargetAttributes = {
					9C13F70E2D9D705B00A0E355 = {
						CreatedOnToolsVersion = 16.3;
					};
					9C13F71D2D9D705C00A0E355 = {
						CreatedOnToolsVersion = 16.3;
						TestTargetID = 9C13F70E2D9D705B00A0E355;
					};
					9C13F7272D9D705C00A0E355 = {
						CreatedOnToolsVersion = 16.3;
						TestTargetID = 9C13F70E2D9D705B00A0E355;
					};
				};
			};
			buildConfigurationList = 9C13F70A2D9D705B00A0E355 /* Build configuration list for PBXProject "ShelfSnapshot" */;
			developmentRegion = en;
			hasScannedForEncodings = 0;
			knownRegions = (
				en,
				Base,
			);
			mainGroup = 9C13F7062D9D705B00A0E355;
			minimizedProjectReferenceProxies = 1;
			preferredProjectObjectVersion = 77;
			productRefGroup = 9C13F7102D9D705B00A0E355 /* Products */;
			projectDirPath = "";
			projectRoot = "";
			targets = (
				9C13F70E2D9D705B00A0E355 /* ShelfSnapshot */,
				9C13F71D2D9D705C00A0E355 /* ShelfSnapshotTests */,
				9C13F7272D9D705C00A0E355 /* ShelfSnapshotUITests */,
			);
		};
/* End PBXProject section */

/* Begin PBXResourcesBuildPhase section */
		9C13F70D2D9D705B00A0E355 /* Resources */ = {
			isa = PBXResourcesBuildPhase;
			buildActionMask = 2147483647;
			files = (
			);
			runOnlyForDeploymentPostprocessing = 0;
		};
		9C13F71C2D9D705C00A0E355 /* Resources */ = {
			isa = PBXResourcesBuildPhase;
			buildActionMask = 2147483647;
			files = (
			);
			runOnlyForDeploymentPostprocessing = 0;
		};
		9C13F7262D9D705C00A0E355 /* Resources */ = {
			isa = PBXResourcesBuildPhase;
			buildActionMask = 2147483647;
			files = (
			);
			runOnlyForDeploymentPostprocessing = 0;
		};
/* End PBXResourcesBuildPhase section */

/* Begin PBXSourcesBuildPhase section */
		9C13F70B2D9D705B00A0E355 /* Sources */ = {
			isa = PBXSourcesBuildPhase;
			buildActionMask = 2147483647;
			files = (
			);
			runOnlyForDeploymentPostprocessing = 0;
		};
		9C13F71A2D9D705C00A0E355 /* Sources */ = {
			isa = PBXSourcesBuildPhase;
			buildActionMask = 2147483647;
			files = (
			);
			runOnlyForDeploymentPostprocessing = 0;
		};
		9C13F7242D9D705C00A0E355 /* Sources */ = {
			isa = PBXSourcesBuildPhase;
			buildActionMask = 2147483647;
			files = (
			);
			runOnlyForDeploymentPostprocessing = 0;
		};
/* End PBXSourcesBuildPhase section */

/* Begin PBXTargetDependency section */
		9C13F7202D9D705C00A0E355 /* PBXTargetDependency */ = {
			isa = PBXTargetDependency;
			target = 9C13F70E2D9D705B00A0E355 /* ShelfSnapshot */;
			targetProxy = 9C13F71F2D9D705C00A0E355 /* PBXContainerItemProxy */;
		};
		9C13F72A2D9D705C00A0E355 /* PBXTargetDependency */ = {
			isa = PBXTargetDependency;
			target = 9C13F70E2D9D705B00A0E355 /* ShelfSnapshot */;
			targetProxy = 9C13F7292D9D705C00A0E355 /* PBXContainerItemProxy */;
		};
/* End PBXTargetDependency section */

/* Begin XCBuildConfiguration section */
		9C13F7302D9D705C00A0E355 /* Debug */ = {
			isa = XCBuildConfiguration;
			buildSettings = {
				ALWAYS_SEARCH_USER_PATHS = NO;
				ASSETCATALOG_COMPILER_GENERATE_SWIFT_ASSET_SYMBOL_EXTENSIONS = YES;
				CLANG_ANALYZER_NONNULL = YES;
				CLANG_ANALYZER_NUMBER_OBJECT_CONVERSION = YES_AGGRESSIVE;
				CLANG_CXX_LANGUAGE_STANDARD = "gnu++20";
				CLANG_ENABLE_MODULES = YES;
				CLANG_ENABLE_OBJC_ARC = YES;
				CLANG_ENABLE_OBJC_WEAK = YES;
				CLANG_WARN_BLOCK_CAPTURE_AUTORELEASING = YES;
				CLANG_WARN_BOOL_CONVERSION = YES;
				CLANG_WARN_COMMA = YES;
				CLANG_WARN_CONSTANT_CONVERSION = YES;
				CLANG_WARN_DEPRECATED_OBJC_IMPLEMENTATIONS = YES;
				CLANG_WARN_DIRECT_OBJC_ISA_USAGE = YES_ERROR;
				CLANG_WARN_DOCUMENTATION_COMMENTS = YES;
				CLANG_WARN_EMPTY_BODY = YES;
				CLANG_WARN_ENUM_CONVERSION = YES;
				CLANG_WARN_INFINITE_RECURSION = YES;
				CLANG_WARN_INT_CONVERSION = YES;
				CLANG_WARN_NON_LITERAL_NULL_CONVERSION = YES;
				CLANG_WARN_OBJC_IMPLICIT_RETAIN_SELF = YES;
				CLANG_WARN_OBJC_LITERAL_CONVERSION = YES;
				CLANG_WARN_OBJC_ROOT_CLASS = YES_ERROR;
				CLANG_WARN_QUOTED_INCLUDE_IN_FRAMEWORK_HEADER = YES;
				CLANG_WARN_RANGE_LOOP_ANALYSIS = YES;
				CLANG_WARN_STRICT_PROTOTYPES = YES;
				CLANG_WARN_SUSPICIOUS_MOVE = YES;
				CLANG_WARN_UNGUARDED_AVAILABILITY = YES_AGGRESSIVE;
				CLANG_WARN_UNREACHABLE_CODE = YES;
				CLANG_WARN__DUPLICATE_METHOD_MATCH = YES;
				COPY_PHASE_STRIP = NO;
				DEBUG_INFORMATION_FORMAT = dwarf;
				DEVELOPMENT_TEAM = 3UD89N84N2;
				ENABLE_STRICT_OBJC_MSGSEND = YES;
				ENABLE_TESTABILITY = YES;
				ENABLE_USER_SCRIPT_SANDBOXING = YES;
				GCC_C_LANGUAGE_STANDARD = gnu17;
				GCC_DYNAMIC_NO_PIC = NO;
				GCC_NO_COMMON_BLOCKS = YES;
				GCC_OPTIMIZATION_LEVEL = 0;
				GCC_PREPROCESSOR_DEFINITIONS = (
					"DEBUG=1",
					"$(inherited)",
				);
				GCC_WARN_64_TO_32_BIT_CONVERSION = YES;
				GCC_WARN_ABOUT_RETURN_TYPE = YES_ERROR;
				GCC_WARN_UNDECLARED_SELECTOR = YES;
				GCC_WARN_UNINITIALIZED_AUTOS = YES_AGGRESSIVE;
				GCC_WARN_UNUSED_FUNCTION = YES;
				GCC_WARN_UNUSED_VARIABLE = YES;
				IPHONEOS_DEPLOYMENT_TARGET = 17.6;
				LOCALIZATION_PREFERS_STRING_CATALOGS = YES;
				MTL_ENABLE_DEBUG_INFO = INCLUDE_SOURCE;
				MTL_FAST_MATH = YES;
				ONLY_ACTIVE_ARCH = YES;
				SDKROOT = iphoneos;
				SWIFT_ACTIVE_COMPILATION_CONDITIONS = "DEBUG $(inherited)";
				SWIFT_OPTIMIZATION_LEVEL = "-Onone";
			};
			name = Debug;
		};
		9C13F7312D9D705C00A0E355 /* Release */ = {
			isa = XCBuildConfiguration;
			buildSettings = {
				ALWAYS_SEARCH_USER_PATHS = NO;
				ASSETCATALOG_COMPILER_GENERATE_SWIFT_ASSET_SYMBOL_EXTENSIONS = YES;
				CLANG_ANALYZER_NONNULL = YES;
				CLANG_ANALYZER_NUMBER_OBJECT_CONVERSION = YES_AGGRESSIVE;
				CLANG_CXX_LANGUAGE_STANDARD = "gnu++20";
				CLANG_ENABLE_MODULES = YES;
				CLANG_ENABLE_OBJC_ARC = YES;
				CLANG_ENABLE_OBJC_WEAK = YES;
				CLANG_WARN_BLOCK_CAPTURE_AUTORELEASING = YES;
				CLANG_WARN_BOOL_CONVERSION = YES;
				CLANG_WARN_COMMA = YES;
				CLANG_WARN_CONSTANT_CONVERSION = YES;
				CLANG_WARN_DEPRECATED_OBJC_IMPLEMENTATIONS = YES;
				CLANG_WARN_DIRECT_OBJC_ISA_USAGE = YES_ERROR;
				CLANG_WARN_DOCUMENTATION_COMMENTS = YES;
				CLANG_WARN_EMPTY_BODY = YES;
				CLANG_WARN_ENUM_CONVERSION = YES;
				CLANG_WARN_INFINITE_RECURSION = YES;
				CLANG_WARN_INT_CONVERSION = YES;
				CLANG_WARN_NON_LITERAL_NULL_CONVERSION = YES;
				CLANG_WARN_OBJC_IMPLICIT_RETAIN_SELF = YES;
				CLANG_WARN_OBJC_LITERAL_CONVERSION = YES;
				CLANG_WARN_OBJC_ROOT_CLASS = YES_ERROR;
				CLANG_WARN_QUOTED_INCLUDE_IN_FRAMEWORK_HEADER = YES;
				CLANG_WARN_RANGE_LOOP_ANALYSIS = YES;
				CLANG_WARN_STRICT_PROTOTYPES = YES;
				CLANG_WARN_SUSPICIOUS_MOVE = YES;
				CLANG_WARN_UNGUARDED_AVAILABILITY = YES_AGGRESSIVE;
				CLANG_WARN_UNREACHABLE_CODE = YES;
				CLANG_WARN__DUPLICATE_METHOD_MATCH = YES;
				COPY_PHASE_STRIP = NO;
				DEBUG_INFORMATION_FORMAT = "dwarf-with-dsym";
				DEVELOPMENT_TEAM = 3UD89N84N2;
				ENABLE_NS_ASSERTIONS = NO;
				ENABLE_STRICT_OBJC_MSGSEND = YES;
				ENABLE_USER_SCRIPT_SANDBOXING = YES;
				GCC_C_LANGUAGE_STANDARD = gnu17;
				GCC_NO_COMMON_BLOCKS = YES;
				GCC_WARN_64_TO_32_BIT_CONVERSION = YES;
				GCC_WARN_ABOUT_RETURN_TYPE = YES_ERROR;
				GCC_WARN_UNDECLARED_SELECTOR = YES;
				GCC_WARN_UNINITIALIZED_AUTOS = YES_AGGRESSIVE;
				GCC_WARN_UNUSED_FUNCTION = YES;
				GCC_WARN_UNUSED_VARIABLE = YES;
				IPHONEOS_DEPLOYMENT_TARGET = 17.6;
				LOCALIZATION_PREFERS_STRING_CATALOGS = YES;
				MTL_ENABLE_DEBUG_INFO = NO;
				MTL_FAST_MATH = YES;
				SDKROOT = iphoneos;
				SWIFT_COMPILATION_MODE = wholemodule;
				VALIDATE_PRODUCT = YES;
			};
			name = Release;
		};
		9C13F7332D9D705C00A0E355 /* Debug */ = {
			isa = XCBuildConfiguration;
			buildSettings = {
				ASSETCATALOG_COMPILER_APPICON_NAME = AppIcon;
				ASSETCATALOG_COMPILER_GLOBAL_ACCENT_COLOR_NAME = AccentColor;
				CODE_SIGN_STYLE = Automatic;
				CURRENT_PROJECT_VERSION = 1;
				DEVELOPMENT_TEAM = 3UD89N84N2;
				ENABLE_PREVIEWS = YES;
				GENERATE_INFOPLIST_FILE = YES;
				INFOPLIST_KEY_UIApplicationSceneManifest_Generation = YES;
				INFOPLIST_KEY_UIApplicationSupportsIndirectInputEvents = YES;
				INFOPLIST_KEY_UILaunchScreen_Generation = YES;
				INFOPLIST_KEY_UISupportedInterfaceOrientations_iPad = "UIInterfaceOrientationPortrait UIInterfaceOrientationPortraitUpsideDown UIInterfaceOrientationLandscapeLeft UIInterfaceOrientationLandscapeRight";
				INFOPLIST_KEY_UISupportedInterfaceOrientations_iPhone = "UIInterfaceOrientationPortrait UIInterfaceOrientationLandscapeLeft UIInterfaceOrientationLandscapeRight";
				LD_RUNPATH_SEARCH_PATHS = (
					"$(inherited)",
					"@executable_path/Frameworks",
				);
				MARKETING_VERSION = 1.0;
				PRODUCT_BUNDLE_IDENTIFIER = com.leandro.ShelfSnapshot;
				PRODUCT_NAME = "$(TARGET_NAME)";
				SWIFT_EMIT_LOC_STRINGS = YES;
				SWIFT_VERSION = 5.0;
				TARGETED_DEVICE_FAMILY = "1,2";
			};
			name = Debug;
		};
		9C13F7342D9D705C00A0E355 /* Release */ = {
			isa = XCBuildConfiguration;
			buildSettings = {
				ASSETCATALOG_COMPILER_APPICON_NAME = AppIcon;
				ASSETCATALOG_COMPILER_GLOBAL_ACCENT_COLOR_NAME = AccentColor;
				CODE_SIGN_STYLE = Automatic;
				CURRENT_PROJECT_VERSION = 1;
				DEVELOPMENT_TEAM = 3UD89N84N2;
				ENABLE_PREVIEWS = YES;
				GENERATE_INFOPLIST_FILE = YES;
				INFOPLIST_KEY_UIApplicationSceneManifest_Generation = YES;
				INFOPLIST_KEY_UIApplicationSupportsIndirectInputEvents = YES;
				INFOPLIST_KEY_UILaunchScreen_Generation = YES;
				INFOPLIST_KEY_UISupportedInterfaceOrientations_iPad = "UIInterfaceOrientationPortrait UIInterfaceOrientationPortraitUpsideDown UIInterfaceOrientationLandscapeLeft UIInterfaceOrientationLandscapeRight";
				INFOPLIST_KEY_UISupportedInterfaceOrientations_iPhone = "UIInterfaceOrientationPortrait UIInterfaceOrientationLandscapeLeft UIInterfaceOrientationLandscapeRight";
				LD_RUNPATH_SEARCH_PATHS = (
					"$(inherited)",
					"@executable_path/Frameworks",
				);
				MARKETING_VERSION = 1.0;
				PRODUCT_BUNDLE_IDENTIFIER = com.leandro.ShelfSnapshot;
				PRODUCT_NAME = "$(TARGET_NAME)";
				SWIFT_EMIT_LOC_STRINGS = YES;
				SWIFT_VERSION = 5.0;
				TARGETED_DEVICE_FAMILY = "1,2";
			};
			name = Release;
		};
		9C13F7362D9D705C00A0E355 /* Debug */ = {
			isa = XCBuildConfiguration;
			buildSettings = {
				BUNDLE_LOADER = "$(TEST_HOST)";
				CODE_SIGN_STYLE = Automatic;
				CURRENT_PROJECT_VERSION = 1;
				DEVELOPMENT_TEAM = 3UD89N84N2;
				GENERATE_INFOPLIST_FILE = YES;
				MARKETING_VERSION = 1.0;
				PRODUCT_BUNDLE_IDENTIFIER = com.leandro.ShelfSnapshotTests;
				PRODUCT_NAME = "$(TARGET_NAME)";
				SWIFT_EMIT_LOC_STRINGS = NO;
				SWIFT_VERSION = 5.0;
				TARGETED_DEVICE_FAMILY = "1,2";
				TEST_HOST = "$(BUILT_PRODUCTS_DIR)/ShelfSnapshot.app/$(BUNDLE_EXECUTABLE_FOLDER_PATH)/ShelfSnapshot";
			};
			name = Debug;
		};
		9C13F7372D9D705C00A0E355 /* Release */ = {
			isa = XCBuildConfiguration;
			buildSettings = {
				BUNDLE_LOADER = "$(TEST_HOST)";
				CODE_SIGN_STYLE = Automatic;
				CURRENT_PROJECT_VERSION = 1;
				DEVELOPMENT_TEAM = 3UD89N84N2;
				GENERATE_INFOPLIST_FILE = YES;
				MARKETING_VERSION = 1.0;
				PRODUCT_BUNDLE_IDENTIFIER = com.leandro.ShelfSnapshotTests;
				PRODUCT_NAME = "$(TARGET_NAME)";
				SWIFT_EMIT_LOC_STRINGS = NO;
				SWIFT_VERSION = 5.0;
				TARGETED_DEVICE_FAMILY = "1,2";
				TEST_HOST = "$(BUILT_PRODUCTS_DIR)/ShelfSnapshot.app/$(BUNDLE_EXECUTABLE_FOLDER_PATH)/ShelfSnapshot";
			};
			name = Release;
		};
		9C13F7392D9D705C00A0E355 /* Debug */ = {
			isa = XCBuildConfiguration;
			buildSettings = {
				CODE_SIGN_STYLE = Automatic;
				CURRENT_PROJECT_VERSION = 1;
				DEVELOPMENT_TEAM = 3UD89N84N2;
				GENERATE_INFOPLIST_FILE = YES;
				MARKETING_VERSION = 1.0;
				PRODUCT_BUNDLE_IDENTIFIER = com.leandro.ShelfSnapshotUITests;
				PRODUCT_NAME = "$(TARGET_NAME)";
				SWIFT_EMIT_LOC_STRINGS = NO;
				SWIFT_VERSION = 5.0;
				TARGETED_DEVICE_FAMILY = "1,2";
				TEST_TARGET_NAME = ShelfSnapshot;
			};
			name = Debug;
		};
		9C13F73A2D9D705C00A0E355 /* Release */ = {
			isa = XCBuildConfiguration;
			buildSettings = {
				CODE_SIGN_STYLE = Automatic;
				CURRENT_PROJECT_VERSION = 1;
				DEVELOPMENT_TEAM = 3UD89N84N2;
				GENERATE_INFOPLIST_FILE = YES;
				MARKETING_VERSION = 1.0;
				PRODUCT_BUNDLE_IDENTIFIER = com.leandro.ShelfSnapshotUITests;
				PRODUCT_NAME = "$(TARGET_NAME)";
				SWIFT_EMIT_LOC_STRINGS = NO;
				SWIFT_VERSION = 5.0;
				TARGETED_DEVICE_FAMILY = "1,2";
				TEST_TARGET_NAME = ShelfSnapshot;
			};
			name = Release;
		};
/* End XCBuildConfiguration section */

/* Begin XCConfigurationList section */
		9C13F70A2D9D705B00A0E355 /* Build configuration list for PBXProject "ShelfSnapshot" */ = {
			isa = XCConfigurationList;
			buildConfigurations = (
				9C13F7302D9D705C00A0E355 /* Debug */,
				9C13F7312D9D705C00A0E355 /* Release */,
			);
			defaultConfigurationIsVisible = 0;
			defaultConfigurationName = Release;
		};
		9C13F7322D9D705C00A0E355 /* Build configuration list for PBXNativeTarget "ShelfSnapshot" */ = {
			isa = XCConfigurationList;
			buildConfigurations = (
				9C13F7332D9D705C00A0E355 /* Debug */,
				9C13F7342D9D705C00A0E355 /* Release */,
			);
			defaultConfigurationIsVisible = 0;
			defaultConfigurationName = Release;
		};
		9C13F7352D9D705C00A0E355 /* Build configuration list for PBXNativeTarget "ShelfSnapshotTests" */ = {
			isa = XCConfigurationList;
			buildConfigurations = (
				9C13F7362D9D705C00A0E355 /* Debug */,
				9C13F7372D9D705C00A0E355 /* Release */,
			);
			defaultConfigurationIsVisible = 0;
			defaultConfigurationName = Release;
		};
		9C13F7382D9D705C00A0E355 /* Build configuration list for PBXNativeTarget "ShelfSnapshotUITests" */ = {
			isa = XCConfigurationList;
			buildConfigurations = (
				9C13F7392D9D705C00A0E355 /* Debug */,
				9C13F73A2D9D705C00A0E355 /* Release */,
			);
			defaultConfigurationIsVisible = 0;
			defaultConfigurationName = Release;
		};
/* End XCConfigurationList section */
	};
	rootObject = 9C13F7072D9D705B00A0E355 /* Project object */;
}
